
Microsoft Visual Studio Solution File, Format Version 12.00
# Visual Studio Version 16
VisualStudioVersion = 16.0.31205.134
MinimumVisualStudioVersion = 10.0.40219.1
Project("{9A19103F-16F7-4668-BE54-9A1E7A4F7556}") = "BlazorBattles.Server", "BlazorBattles\Server\BlazorBattles.Server.csproj", "{FDCAF5D9-E150-4E3E-AB0C-9284AACBE9A0}"
EndProject
Project("{9A19103F-16F7-4668-BE54-9A1E7A4F7556}") = "BlazorBattles.Client", "BlazorBattles\Client\BlazorBattles.Client.csproj", "{5279E51D-9E65-4AC5-9B83-20171A5C4011}"
EndProject
Project("{9A19103F-16F7-4668-BE54-9A1E7A4F7556}") = "BlazorBattles.Shared", "BlazorBattles\Shared\BlazorBattles.Shared.csproj", "{FD7F8F93-9A18-42AB-B2D8-C1CF0E3C6487}"
EndProject
Global
	GlobalSection(SolutionConfigurationPlatforms) = preSolution
		Debug|Any CPU = Debug|Any CPU
		Release|Any CPU = Release|Any CPU
	EndGlobalSection
	GlobalSection(ProjectConfigurationPlatforms) = postSolution
		{FDCAF5D9-E150-4E3E-AB0C-9284AACBE9A0}.Debug|Any CPU.ActiveCfg = Debug|Any CPU
		{FDCAF5D9-E150-4E3E-AB0C-9284AACBE9A0}.Debug|Any CPU.Build.0 = Debug|Any CPU
		{FDCAF5D9-E150-4E3E-AB0C-9284AACBE9A0}.Release|Any CPU.ActiveCfg = Release|Any CPU
		{FDCAF5D9-E150-4E3E-AB0C-9284AACBE9A0}.Release|Any CPU.Build.0 = Release|Any CPU
		{5279E51D-9E65-4AC5-9B83-20171A5C4011}.Debug|Any CPU.ActiveCfg = Debug|Any CPU
		{5279E51D-9E65-4AC5-9B83-20171A5C4011}.Debug|Any CPU.Build.0 = Debug|Any CPU
		{5279E51D-9E65-4AC5-9B83-20171A5C4011}.Release|Any CPU.ActiveCfg = Release|Any CPU
		{5279E51D-9E65-4AC5-9B83-20171A5C4011}.Release|Any CPU.Build.0 = Release|Any CPU
		{FD7F8F93-9A18-42AB-B2D8-C1CF0E3C6487}.Debug|Any CPU.ActiveCfg = Debug|Any CPU
		{FD7F8F93-9A18-42AB-B2D8-C1CF0E3C6487}.Debug|Any CPU.Build.0 = Debug|Any CPU
		{FD7F8F93-9A18-42AB-B2D8-C1CF0E3C6487}.Release|Any CPU.ActiveCfg = Release|Any CPU
		{FD7F8F93-9A18-42AB-B2D8-C1CF0E3C6487}.Release|Any CPU.Build.0 = Release|Any CPU
	EndGlobalSection
	GlobalSection(SolutionProperties) = preSolution
		HideSolutionNode = FALSE
	EndGlobalSection
	GlobalSection(ExtensibilityGlobals) = postSolution
		SolutionGuid = {090EB641-182C-49BC-94EE-A2125B5F9CD0}
	EndGlobalSection
EndGlobal
